%{
  "bandit": {:hex, :bandit, "0.7.7", "48456d09022607a312cf723a91992236aeaffe4af50615e6e2d2e383fb6bef10", [:mix], [{:hpax, "~> 0.1.1", [hex: :hpax, repo: "hexpm", optional: false]}, {:plug, "~> 1.14", [hex: :plug, repo: "hexpm", optional: false]}, {:telemetry, "~> 0.4 or ~> 1.0", [hex: :telemetry, repo: "hexpm", optional: false]}, {:thousand_island, "~> 0.6.7", [hex: :thousand_island, repo: "hexpm", optional: false]}, {:websock, "~> 0.5", [hex: :websock, repo: "hexpm", optional: false]}], "hexpm", "772f0a32632c2ce41026d85e24b13a469151bb8cea1891e597fb38fde103640a"},
  "cowboy": {:hex, :cowboy, "2.13.0", "09d770dd5f6a22cc60c071f432cd7cb87776164527f205c5a6b0f24ff6b38990", [:make, :rebar3], [{:cowlib, ">= 2.14.0 and < 3.0.0", [hex: :cowlib, repo: "hexpm", optional: false]}, {:ranch, ">= 1.8.0 and < 3.0.0", [hex: :ranch, repo: "hexpm", optional: false]}], "hexpm", "e724d3a70995025d654c1992c7b11dbfea95205c047d86ff9bf1cda92ddc5614"},
  "cowlib": {:hex, :cowlib, "2.14.0", "623791c56c1cc9df54a71a9c55147a401549917f00a2e48a6ae12b812c586ced", [:make, :rebar3], [], "hexpm", "0af652d1550c8411c3b58eed7a035a7fb088c0b86aff6bc504b0bc3b7f791aa2"},
  "hpax": {:hex, :hpax, "0.1.2", "09a75600d9d8bbd064cdd741f21fc06fc1f4cf3d0fcc335e5aa19be1a7235c84", [:mix], [], "hexpm", "2c87843d5a23f5f16748ebe77969880e29809580efdaccd615cd3bed628a8c13"},
  "mime": {:hex, :mime, "2.0.6", "8f18486773d9b15f95f4f4f1e39b710045fa1de891fada4516559967276e4dc2", [:mix], [], "hexpm", "c9945363a6b26d747389aac3643f8e0e09d30499a138ad64fe8fd1d13d9b153e"},
  "n2o": {:git, "https://github.com/synrc/n2o.git", "d07cd152df573302bfaac8019af3903b5ae860fa", [branch: "master"]},
  "nitro": {:git, "https://github.com/synrc/nitro.git", "9cb553531db50248742374d9a5823abf924e556c", [branch: "master"]},
  "plug": {:hex, :plug, "1.17.0", "a0832e7af4ae0f4819e0c08dd2e7482364937aea6a8a997a679f2cbb7e026b2e", [:mix], [{:mime, "~> 1.0 or ~> 2.0", [hex: :mime, repo: "hexpm", optional: false]}, {:plug_crypto, "~> 1.1.1 or ~> 1.2 or ~> 2.0", [hex: :plug_crypto, repo: "hexpm", optional: false]}, {:telemetry, "~> 0.4.3 or ~> 1.0", [hex: :telemetry, repo: "hexpm", optional: false]}], "hexpm", "f6692046652a69a00a5a21d0b7e11fcf401064839d59d6b8787f23af55b1e6bc"},
  "plug_crypto": {:hex, :plug_crypto, "2.1.1", "19bda8184399cb24afa10be734f84a16ea0a2bc65054e23a62bb10f06bc89491", [:mix], [], "hexpm", "6470bce6ffe41c8bd497612ffde1a7e4af67f36a15eea5f921af71cf3e11247c"},
  "ranch": {:hex, :ranch, "2.2.0", "25528f82bc8d7c6152c57666ca99ec716510fe0925cb188172f41ce93117b1b0", [:make, :rebar3], [], "hexpm", "fa0b99a1780c80218a4197a59ea8d3bdae32fbff7e88527d7d8a4787eff4f8e7"},
  "syn": {:hex, :syn, "2.1.4", "eb364291b18cbe09212c5b6a26b4a652957d45a82d88411a806417294bacb232", [:rebar3], [], "hexpm", "7f37b53060746d7e4455cbcba92c06cb17ba6e294b9b55c0764f567bda218494"},
  "telemetry": {:hex, :telemetry, "1.3.0", "fedebbae410d715cf8e7062c96a1ef32ec22e764197f70cda73d82778d61e7a2", [:rebar3], [], "hexpm", "7015fc8919dbe63764f4b4b87a95b7c0996bd539e0d499be6ec9d7f3875b79e6"},
  "thousand_island": {:hex, :thousand_island, "0.6.7", "3a91a7e362ca407036c6691e8a4f6e01ac8e901db3598875863a149279ac8571", [:mix], [{:telemetry, "~> 0.4 or ~> 1.0", [hex: :telemetry, repo: "hexpm", optional: false]}], "hexpm", "541a5cb26b88adf8d8180b6b96a90f09566b4aad7a6b3608dcac969648cf6765"},
  "websock": {:hex, :websock, "0.5.3", "2f69a6ebe810328555b6fe5c831a851f485e303a7c8ce6c5f675abeb20ebdadc", [:mix], [], "hexpm", "6105453d7fac22c712ad66fab1d45abdf049868f253cf719b625151460b8b453"},
}
